// !$*UTF8*$!
{
	archiveVersion = 1;
	classes = {
	};
	objectVersion = 55;
	objects = {

/* Begin PBXBuildFile section */
		0404E53728AF69B400DAE7C4 /* SearchViewController.swift in Sources */ = {isa = PBXBuildFile; fileRef = 0404E53628AF69B300DAE7C4 /* SearchViewController.swift */; };
		045B2FB528B3AB6900FBC2F8 /* MainViewController.swift in Sources */ = {isa = PBXBuildFile; fileRef = 045B2FB428B3AB6900FBC2F8 /* MainViewController.swift */; };
		045B2FB728B3AB9700FBC2F8 /* FavoriteViewController.swift in Sources */ = {isa = PBXBuildFile; fileRef = 045B2FB628B3AB9700FBC2F8 /* FavoriteViewController.swift */; };
		045B2FB928B3ABB800FBC2F8 /* ProfileViewController.swift in Sources */ = {isa = PBXBuildFile; fileRef = 045B2FB828B3ABB800FBC2F8 /* ProfileViewController.swift */; };
		045B2FBF28B4C86C00FBC2F8 /* MovieCell.swift in Sources */ = {isa = PBXBuildFile; fileRef = 045B2FBE28B4C86C00FBC2F8 /* MovieCell.swift */; };
		045B2FC128B4D5DE00FBC2F8 /* MovieSectionView.swift in Sources */ = {isa = PBXBuildFile; fileRef = 045B2FC028B4D5DE00FBC2F8 /* MovieSectionView.swift */; };
		045B2FC328B4D67300FBC2F8 /* TitleSectionView.swift in Sources */ = {isa = PBXBuildFile; fileRef = 045B2FC228B4D67300FBC2F8 /* TitleSectionView.swift */; };
		045B2FC528B4DB3800FBC2F8 /* LatestSearchView.swift in Sources */ = {isa = PBXBuildFile; fileRef = 045B2FC428B4DB3800FBC2F8 /* LatestSearchView.swift */; };
		045B2FCB28B60BF000FBC2F8 /* SearchBar.swift in Sources */ = {isa = PBXBuildFile; fileRef = 045B2FCA28B60BF000FBC2F8 /* SearchBar.swift */; };
		045B2FCF28B6105500FBC2F8 /* MovieListCell.swift in Sources */ = {isa = PBXBuildFile; fileRef = 045B2FCE28B6105500FBC2F8 /* MovieListCell.swift */; };
		045B2FD128BA41C100FBC2F8 /* MovieInfoView.swift in Sources */ = {isa = PBXBuildFile; fileRef = 045B2FD028BA41C100FBC2F8 /* MovieInfoView.swift */; };
		04B92F4628AED2B9007D830B /* AppDelegate.swift in Sources */ = {isa = PBXBuildFile; fileRef = 04B92F4528AED2B9007D830B /* AppDelegate.swift */; };
		04B92F4828AED2B9007D830B /* SceneDelegate.swift in Sources */ = {isa = PBXBuildFile; fileRef = 04B92F4728AED2B9007D830B /* SceneDelegate.swift */; };
		04B92F4A28AED2B9007D830B /* TabBarController.swift in Sources */ = {isa = PBXBuildFile; fileRef = 04B92F4928AED2B9007D830B /* TabBarController.swift */; };
		04B92F4F28AED2BF007D830B /* Assets.xcassets in Resources */ = {isa = PBXBuildFile; fileRef = 04B92F4E28AED2BF007D830B /* Assets.xcassets */; };
		04B92F5228AED2BF007D830B /* LaunchScreen.storyboard in Resources */ = {isa = PBXBuildFile; fileRef = 04B92F5028AED2BF007D830B /* LaunchScreen.storyboard */; };
		04F8223828C6328E00E93BB3 /* ProfileCell.swift in Sources */ = {isa = PBXBuildFile; fileRef = 04F8223728C6328E00E93BB3 /* ProfileCell.swift */; };
		04F8223B28C78C1B00E93BB3 /* FilterView.swift in Sources */ = {isa = PBXBuildFile; fileRef = 04F8223A28C78C1B00E93BB3 /* FilterView.swift */; };
		D7D0C8AC2A9778816CE8CD27 /* Pods_MyLittleMovie.framework in Frameworks */ = {isa = PBXBuildFile; fileRef = BEDEBF557DD3996F29655206 /* Pods_MyLittleMovie.framework */; };
/* End PBXBuildFile section */

/* Begin PBXFileReference section */
		02BC6831D9B22E7821E9106F /* Pods-MyLittleMovie.debug.xcconfig */ = {isa = PBXFileReference; includeInIndex = 1; lastKnownFileType = text.xcconfig; name = "Pods-MyLittleMovie.debug.xcconfig"; path = "Target Support Files/Pods-MyLittleMovie/Pods-MyLittleMovie.debug.xcconfig"; sourceTree = "<group>"; };
		0404E53628AF69B300DAE7C4 /* SearchViewController.swift */ = {isa = PBXFileReference; lastKnownFileType = sourcecode.swift; path = SearchViewController.swift; sourceTree = "<group>"; };
		045B2FB428B3AB6900FBC2F8 /* MainViewController.swift */ = {isa = PBXFileReference; lastKnownFileType = sourcecode.swift; path = MainViewController.swift; sourceTree = "<group>"; };
		045B2FB628B3AB9700FBC2F8 /* FavoriteViewController.swift */ = {isa = PBXFileReference; lastKnownFileType = sourcecode.swift; path = FavoriteViewController.swift; sourceTree = "<group>"; };
		045B2FB828B3ABB800FBC2F8 /* ProfileViewController.swift */ = {isa = PBXFileReference; lastKnownFileType = sourcecode.swift; path = ProfileViewController.swift; sourceTree = "<group>"; };
		045B2FBE28B4C86C00FBC2F8 /* MovieCell.swift */ = {isa = PBXFileReference; lastKnownFileType = sourcecode.swift; path = MovieCell.swift; sourceTree = "<group>"; };
		045B2FC028B4D5DE00FBC2F8 /* MovieSectionView.swift */ = {isa = PBXFileReference; lastKnownFileType = sourcecode.swift; path = MovieSectionView.swift; sourceTree = "<group>"; };
		045B2FC228B4D67300FBC2F8 /* TitleSectionView.swift */ = {isa = PBXFileReference; lastKnownFileType = sourcecode.swift; path = TitleSectionView.swift; sourceTree = "<group>"; };
		045B2FC428B4DB3800FBC2F8 /* LatestSearchView.swift */ = {isa = PBXFileReference; lastKnownFileType = sourcecode.swift; path = LatestSearchView.swift; sourceTree = "<group>"; };
		045B2FCA28B60BF000FBC2F8 /* SearchBar.swift */ = {isa = PBXFileReference; lastKnownFileType = sourcecode.swift; path = SearchBar.swift; sourceTree = "<group>"; };
		045B2FCE28B6105500FBC2F8 /* MovieListCell.swift */ = {isa = PBXFileReference; lastKnownFileType = sourcecode.swift; path = MovieListCell.swift; sourceTree = "<group>"; };
		045B2FD028BA41C100FBC2F8 /* MovieInfoView.swift */ = {isa = PBXFileReference; lastKnownFileType = sourcecode.swift; path = MovieInfoView.swift; sourceTree = "<group>"; };
		04B92F4228AED2B9007D830B /* MyLittleMovie.app */ = {isa = PBXFileReference; explicitFileType = wrapper.application; includeInIndex = 0; path = MyLittleMovie.app; sourceTree = BUILT_PRODUCTS_DIR; };
		04B92F4528AED2B9007D830B /* AppDelegate.swift */ = {isa = PBXFileReference; lastKnownFileType = sourcecode.swift; path = AppDelegate.swift; sourceTree = "<group>"; };
		04B92F4728AED2B9007D830B /* SceneDelegate.swift */ = {isa = PBXFileReference; lastKnownFileType = sourcecode.swift; path = SceneDelegate.swift; sourceTree = "<group>"; };
		04B92F4928AED2B9007D830B /* TabBarController.swift */ = {isa = PBXFileReference; lastKnownFileType = sourcecode.swift; path = TabBarController.swift; sourceTree = "<group>"; };
		04B92F4E28AED2BF007D830B /* Assets.xcassets */ = {isa = PBXFileReference; lastKnownFileType = folder.assetcatalog; path = Assets.xcassets; sourceTree = "<group>"; };
		04B92F5128AED2BF007D830B /* Base */ = {isa = PBXFileReference; lastKnownFileType = file.storyboard; name = Base; path = Base.lproj/LaunchScreen.storyboard; sourceTree = "<group>"; };
		04B92F5328AED2BF007D830B /* Info.plist */ = {isa = PBXFileReference; lastKnownFileType = text.plist.xml; path = Info.plist; sourceTree = "<group>"; };
		04F8223728C6328E00E93BB3 /* ProfileCell.swift */ = {isa = PBXFileReference; lastKnownFileType = sourcecode.swift; path = ProfileCell.swift; sourceTree = "<group>"; };
		04F8223A28C78C1B00E93BB3 /* FilterView.swift */ = {isa = PBXFileReference; lastKnownFileType = sourcecode.swift; path = FilterView.swift; sourceTree = "<group>"; };
		4896B3CE5C780F794B8F4C5B /* Pods-MyLittleMovie.release.xcconfig */ = {isa = PBXFileReference; includeInIndex = 1; lastKnownFileType = text.xcconfig; name = "Pods-MyLittleMovie.release.xcconfig"; path = "Target Support Files/Pods-MyLittleMovie/Pods-MyLittleMovie.release.xcconfig"; sourceTree = "<group>"; };
		BEDEBF557DD3996F29655206 /* Pods_MyLittleMovie.framework */ = {isa = PBXFileReference; explicitFileType = wrapper.framework; includeInIndex = 0; path = Pods_MyLittleMovie.framework; sourceTree = BUILT_PRODUCTS_DIR; };
/* End PBXFileReference section */

/* Begin PBXFrameworksBuildPhase section */
		04B92F3F28AED2B9007D830B /* Frameworks */ = {
			isa = PBXFrameworksBuildPhase;
			buildActionMask = 2147483647;
			files = (
				D7D0C8AC2A9778816CE8CD27 /* Pods_MyLittleMovie.framework in Frameworks */,
			);
			runOnlyForDeploymentPostprocessing = 0;
		};
/* End PBXFrameworksBuildPhase section */

/* Begin PBXGroup section */
		0404E53828AF6A3900DAE7C4 /* Scene */ = {
			isa = PBXGroup;
			children = (
				04B92F4928AED2B9007D830B /* TabBarController.swift */,
				045B2FBD28B3ABF500FBC2F8 /* Subcomponents */,
			);
			path = Scene;
			sourceTree = "<group>";
		};
		0404E53928AF6A4200DAE7C4 /* SearchView */ = {
			isa = PBXGroup;
			children = (
				0404E53628AF69B300DAE7C4 /* SearchViewController.swift */,
				045B2FD328BFA04300FBC2F8 /* Subcomponents */,
			);
			path = SearchView;
			sourceTree = "<group>";
		};
		045B2FBA28B3ABD300FBC2F8 /* MainVIew */ = {
			isa = PBXGroup;
			children = (
				045B2FB428B3AB6900FBC2F8 /* MainViewController.swift */,
				045B2FD228BFA02300FBC2F8 /* Subcomponents */,
			);
			path = MainVIew;
			sourceTree = "<group>";
		};
		045B2FBB28B3ABDB00FBC2F8 /* FavoriteView */ = {
			isa = PBXGroup;
			children = (
				045B2FB628B3AB9700FBC2F8 /* FavoriteViewController.swift */,
			);
			path = FavoriteView;
			sourceTree = "<group>";
		};
		045B2FBC28B3ABE300FBC2F8 /* ProfileView */ = {
			isa = PBXGroup;
			children = (
				045B2FB828B3ABB800FBC2F8 /* ProfileViewController.swift */,
				04F8223728C6328E00E93BB3 /* ProfileCell.swift */,
			);
			path = ProfileView;
			sourceTree = "<group>";
		};
		045B2FBD28B3ABF500FBC2F8 /* Subcomponents */ = {
			isa = PBXGroup;
			children = (
				045B2FBA28B3ABD300FBC2F8 /* MainVIew */,
				0404E53928AF6A4200DAE7C4 /* SearchView */,
				04F8223928C78BBD00E93BB3 /* InfoView */,
				045B2FBB28B3ABDB00FBC2F8 /* FavoriteView */,
				045B2FBC28B3ABE300FBC2F8 /* ProfileView */,
			);
			path = Subcomponents;
			sourceTree = "<group>";
		};
		045B2FD228BFA02300FBC2F8 /* Subcomponents */ = {
			isa = PBXGroup;
			children = (
				045B2FC228B4D67300FBC2F8 /* TitleSectionView.swift */,
				045B2FC028B4D5DE00FBC2F8 /* MovieSectionView.swift */,
				045B2FC428B4DB3800FBC2F8 /* LatestSearchView.swift */,
				045B2FBE28B4C86C00FBC2F8 /* MovieCell.swift */,
			);
			path = Subcomponents;
			sourceTree = "<group>";
		};
		045B2FD328BFA04300FBC2F8 /* Subcomponents */ = {
			isa = PBXGroup;
			children = (
				045B2FCA28B60BF000FBC2F8 /* SearchBar.swift */,
				04F8223A28C78C1B00E93BB3 /* FilterView.swift */,
				045B2FCE28B6105500FBC2F8 /* MovieListCell.swift */,
			);
			path = Subcomponents;
			sourceTree = "<group>";
		};
		04B92F3928AED2B9007D830B = {
			isa = PBXGroup;
			children = (
				04B92F4428AED2B9007D830B /* MyLittleMovie */,
				04B92F4328AED2B9007D830B /* Products */,
				E9AA6BAE0D150B76EBC9E011 /* Pods */,
				6D2EFEDE4D657471D19E50C5 /* Frameworks */,
			);
			sourceTree = "<group>";
		};
		04B92F4328AED2B9007D830B /* Products */ = {
			isa = PBXGroup;
			children = (
				04B92F4228AED2B9007D830B /* MyLittleMovie.app */,
			);
			name = Products;
			sourceTree = "<group>";
		};
		04B92F4428AED2B9007D830B /* MyLittleMovie */ = {
			isa = PBXGroup;
			children = (
				04B92F4528AED2B9007D830B /* AppDelegate.swift */,
				04B92F4728AED2B9007D830B /* SceneDelegate.swift */,
				0404E53828AF6A3900DAE7C4 /* Scene */,
				04B92F4E28AED2BF007D830B /* Assets.xcassets */,
				04B92F5028AED2BF007D830B /* LaunchScreen.storyboard */,
				04B92F5328AED2BF007D830B /* Info.plist */,
			);
			path = MyLittleMovie;
			sourceTree = "<group>";
		};
		04F8223928C78BBD00E93BB3 /* InfoView */ = {
			isa = PBXGroup;
			children = (
				045B2FD028BA41C100FBC2F8 /* MovieInfoView.swift */,
			);
			path = InfoView;
			sourceTree = "<group>";
		};
		6D2EFEDE4D657471D19E50C5 /* Frameworks */ = {
			isa = PBXGroup;
			children = (
				BEDEBF557DD3996F29655206 /* Pods_MyLittleMovie.framework */,
			);
			name = Frameworks;
			sourceTree = "<group>";
		};
		E9AA6BAE0D150B76EBC9E011 /* Pods */ = {
			isa = PBXGroup;
			children = (
				02BC6831D9B22E7821E9106F /* Pods-MyLittleMovie.debug.xcconfig */,
				4896B3CE5C780F794B8F4C5B /* Pods-MyLittleMovie.release.xcconfig */,
			);
			path = Pods;
			sourceTree = "<group>";
		};
/* End PBXGroup section */

/* Begin PBXNativeTarget section */
		04B92F4128AED2B9007D830B /* MyLittleMovie */ = {
			isa = PBXNativeTarget;
			buildConfigurationList = 04B92F5628AED2BF007D830B /* Build configuration list for PBXNativeTarget "MyLittleMovie" */;
			buildPhases = (
				73E2062D9ABEE7AE858A7F60 /* [CP] Check Pods Manifest.lock */,
				04B92F3E28AED2B9007D830B /* Sources */,
				04B92F3F28AED2B9007D830B /* Frameworks */,
				04B92F4028AED2B9007D830B /* Resources */,
				9E50603045B1ACC7E887CB0D /* [CP] Embed Pods Frameworks */,
			);
			buildRules = (
			);
			dependencies = (
			);
			name = MyLittleMovie;
			productName = MyLittleMovie;
			productReference = 04B92F4228AED2B9007D830B /* MyLittleMovie.app */;
			productType = "com.apple.product-type.application";
		};
/* End PBXNativeTarget section */

/* Begin PBXProject section */
		04B92F3A28AED2B9007D830B /* Project object */ = {
			isa = PBXProject;
			attributes = {
				BuildIndependentTargetsInParallel = 1;
				LastSwiftUpdateCheck = 1340;
				LastUpgradeCheck = 1340;
				TargetAttributes = {
					04B92F4128AED2B9007D830B = {
						CreatedOnToolsVersion = 13.4.1;
					};
				};
			};
			buildConfigurationList = 04B92F3D28AED2B9007D830B /* Build configuration list for PBXProject "MyLittleMovie" */;
			compatibilityVersion = "Xcode 13.0";
			developmentRegion = en;
			hasScannedForEncodings = 0;
			knownRegions = (
				en,
				Base,
			);
			mainGroup = 04B92F3928AED2B9007D830B;
			productRefGroup = 04B92F4328AED2B9007D830B /* Products */;
			projectDirPath = "";
			projectRoot = "";
			targets = (
				04B92F4128AED2B9007D830B /* MyLittleMovie */,
			);
		};
/* End PBXProject section */

/* Begin PBXResourcesBuildPhase section */
		04B92F4028AED2B9007D830B /* Resources */ = {
			isa = PBXResourcesBuildPhase;
			buildActionMask = 2147483647;
			files = (
				04B92F5228AED2BF007D830B /* LaunchScreen.storyboard in Resources */,
				04B92F4F28AED2BF007D830B /* Assets.xcassets in Resources */,
			);
			runOnlyForDeploymentPostprocessing = 0;
		};
/* End PBXResourcesBuildPhase section */

/* Begin PBXShellScriptBuildPhase section */
		73E2062D9ABEE7AE858A7F60 /* [CP] Check Pods Manifest.lock */ = {
			isa = PBXShellScriptBuildPhase;
			buildActionMask = 2147483647;
			files = (
			);
			inputFileListPaths = (
			);
			inputPaths = (
				"${PODS_PODFILE_DIR_PATH}/Podfile.lock",
				"${PODS_ROOT}/Manifest.lock",
			);
			name = "[CP] Check Pods Manifest.lock";
			outputFileListPaths = (
			);
			outputPaths = (
				"$(DERIVED_FILE_DIR)/Pods-MyLittleMovie-checkManifestLockResult.txt",
			);
			runOnlyForDeploymentPostprocessing = 0;
			shellPath = /bin/sh;
			shellScript = "diff \"${PODS_PODFILE_DIR_PATH}/Podfile.lock\" \"${PODS_ROOT}/Manifest.lock\" > /dev/null\nif [ $? != 0 ] ; then\n    # print error to STDERR\n    echo \"error: The sandbox is not in sync with the Podfile.lock. Run 'pod install' or update your CocoaPods installation.\" >&2\n    exit 1\nfi\n# This output is used by Xcode 'outputs' to avoid re-running this script phase.\necho \"SUCCESS\" > \"${SCRIPT_OUTPUT_FILE_0}\"\n";
			showEnvVarsInLog = 0;
		};
		9E50603045B1ACC7E887CB0D /* [CP] Embed Pods Frameworks */ = {
			isa = PBXShellScriptBuildPhase;
			buildActionMask = 2147483647;
			files = (
			);
			inputFileListPaths = (
				"${PODS_ROOT}/Target Support Files/Pods-MyLittleMovie/Pods-MyLittleMovie-frameworks-${CONFIGURATION}-input-files.xcfilelist",
			);
			name = "[CP] Embed Pods Frameworks";
			outputFileListPaths = (
				"${PODS_ROOT}/Target Support Files/Pods-MyLittleMovie/Pods-MyLittleMovie-frameworks-${CONFIGURATION}-output-files.xcfilelist",
			);
			runOnlyForDeploymentPostprocessing = 0;
			shellPath = /bin/sh;
			shellScript = "\"${PODS_ROOT}/Target Support Files/Pods-MyLittleMovie/Pods-MyLittleMovie-frameworks.sh\"\n";
			showEnvVarsInLog = 0;
		};
/* End PBXShellScriptBuildPhase section */

/* Begin PBXSourcesBuildPhase section */
		04B92F3E28AED2B9007D830B /* Sources */ = {
			isa = PBXSourcesBuildPhase;
			buildActionMask = 2147483647;
			files = (
				045B2FCF28B6105500FBC2F8 /* MovieListCell.swift in Sources */,
				04B92F4A28AED2B9007D830B /* TabBarController.swift in Sources */,
				04B92F4628AED2B9007D830B /* AppDelegate.swift in Sources */,
				045B2FBF28B4C86C00FBC2F8 /* MovieCell.swift in Sources */,
				0404E53728AF69B400DAE7C4 /* SearchViewController.swift in Sources */,
				045B2FD128BA41C100FBC2F8 /* MovieInfoView.swift in Sources */,
				04B92F4828AED2B9007D830B /* SceneDelegate.swift in Sources */,
				045B2FCB28B60BF000FBC2F8 /* SearchBar.swift in Sources */,
				045B2FB928B3ABB800FBC2F8 /* ProfileViewController.swift in Sources */,
				04F8223828C6328E00E93BB3 /* ProfileCell.swift in Sources */,
				045B2FC528B4DB3800FBC2F8 /* LatestSearchView.swift in Sources */,
				045B2FB728B3AB9700FBC2F8 /* FavoriteViewController.swift in Sources */,
				04F8223B28C78C1B00E93BB3 /* FilterView.swift in Sources */,
				045B2FC128B4D5DE00FBC2F8 /* MovieSectionView.swift in Sources */,
				045B2FB528B3AB6900FBC2F8 /* MainViewController.swift in Sources */,
				045B2FC328B4D67300FBC2F8 /* TitleSectionView.swift in Sources */,
			);
			runOnlyForDeploymentPostprocessing = 0;
		};
/* End PBXSourcesBuildPhase section */

/* Begin PBXVariantGroup section */
		04B92F5028AED2BF007D830B /* LaunchScreen.storyboard */ = {
			isa = PBXVariantGroup;
			children = (
				04B92F5128AED2BF007D830B /* Base */,
			);
			name = LaunchScreen.storyboard;
			sourceTree = "<group>";
		};
/* End PBXVariantGroup section */

/* Begin XCBuildConfiguration section */
		04B92F5428AED2BF007D830B /* Debug */ = {
			isa = XCBuildConfiguration;
			buildSettings = {
				ALWAYS_SEARCH_USER_PATHS = NO;
				CLANG_ANALYZER_NONNULL = YES;
				CLANG_ANALYZER_NUMBER_OBJECT_CONVERSION = YES_AGGRESSIVE;
				CLANG_CXX_LANGUAGE_STANDARD = "gnu++17";
				CLANG_ENABLE_MODULES = YES;
				CLANG_ENABLE_OBJC_ARC = YES;
				CLANG_ENABLE_OBJC_WEAK = YES;
				CLANG_WARN_BLOCK_CAPTURE_AUTORELEASING = YES;
				CLANG_WARN_BOOL_CONVERSION = YES;
				CLANG_WARN_COMMA = YES;
				CLANG_WARN_CONSTANT_CONVERSION = YES;
				CLANG_WARN_DEPRECATED_OBJC_IMPLEMENTATIONS = YES;
				CLANG_WARN_DIRECT_OBJC_ISA_USAGE = YES_ERROR;
				CLANG_WARN_DOCUMENTATION_COMMENTS = YES;
				CLANG_WARN_EMPTY_BODY = YES;
				CLANG_WARN_ENUM_CONVERSION = YES;
				CLANG_WARN_INFINITE_RECURSION = YES;
				CLANG_WARN_INT_CONVERSION = YES;
				CLANG_WARN_NON_LITERAL_NULL_CONVERSION = YES;
				CLANG_WARN_OBJC_IMPLICIT_RETAIN_SELF = YES;
				CLANG_WARN_OBJC_LITERAL_CONVERSION = YES;
				CLANG_WARN_OBJC_ROOT_CLASS = YES_ERROR;
				CLANG_WARN_QUOTED_INCLUDE_IN_FRAMEWORK_HEADER = YES;
				CLANG_WARN_RANGE_LOOP_ANALYSIS = YES;
				CLANG_WARN_STRICT_PROTOTYPES = YES;
				CLANG_WARN_SUSPICIOUS_MOVE = YES;
				CLANG_WARN_UNGUARDED_AVAILABILITY = YES_AGGRESSIVE;
				CLANG_WARN_UNREACHABLE_CODE = YES;
				CLANG_WARN__DUPLICATE_METHOD_MATCH = YES;
				COPY_PHASE_STRIP = NO;
				DEBUG_INFORMATION_FORMAT = dwarf;
				ENABLE_STRICT_OBJC_MSGSEND = YES;
				ENABLE_TESTABILITY = YES;
				GCC_C_LANGUAGE_STANDARD = gnu11;
				GCC_DYNAMIC_NO_PIC = NO;
				GCC_NO_COMMON_BLOCKS = YES;
				GCC_OPTIMIZATION_LEVEL = 0;
				GCC_PREPROCESSOR_DEFINITIONS = (
					"DEBUG=1",
					"$(inherited)",
				);
				GCC_WARN_64_TO_32_BIT_CONVERSION = YES;
				GCC_WARN_ABOUT_RETURN_TYPE = YES_ERROR;
				GCC_WARN_UNDECLARED_SELECTOR = YES;
				GCC_WARN_UNINITIALIZED_AUTOS = YES_AGGRESSIVE;
				GCC_WARN_UNUSED_FUNCTION = YES;
				GCC_WARN_UNUSED_VARIABLE = YES;
				IPHONEOS_DEPLOYMENT_TARGET = 15.5;
				MTL_ENABLE_DEBUG_INFO = INCLUDE_SOURCE;
				MTL_FAST_MATH = YES;
				ONLY_ACTIVE_ARCH = YES;
				SDKROOT = iphoneos;
				SWIFT_ACTIVE_COMPILATION_CONDITIONS = DEBUG;
				SWIFT_OPTIMIZATION_LEVEL = "-Onone";
			};
			name = Debug;
		};
		04B92F5528AED2BF007D830B /* Release */ = {
			isa = XCBuildConfiguration;
			buildSettings = {
				ALWAYS_SEARCH_USER_PATHS = NO;
				CLANG_ANALYZER_NONNULL = YES;
				CLANG_ANALYZER_NUMBER_OBJECT_CONVERSION = YES_AGGRESSIVE;
				CLANG_CXX_LANGUAGE_STANDARD = "gnu++17";
				CLANG_ENABLE_MODULES = YES;
				CLANG_ENABLE_OBJC_ARC = YES;
				CLANG_ENABLE_OBJC_WEAK = YES;
				CLANG_WARN_BLOCK_CAPTURE_AUTORELEASING = YES;
				CLANG_WARN_BOOL_CONVERSION = YES;
				CLANG_WARN_COMMA = YES;
				CLANG_WARN_CONSTANT_CONVERSION = YES;
				CLANG_WARN_DEPRECATED_OBJC_IMPLEMENTATIONS = YES;
				CLANG_WARN_DIRECT_OBJC_ISA_USAGE = YES_ERROR;
				CLANG_WARN_DOCUMENTATION_COMMENTS = YES;
				CLANG_WARN_EMPTY_BODY = YES;
				CLANG_WARN_ENUM_CONVERSION = YES;
				CLANG_WARN_INFINITE_RECURSION = YES;
				CLANG_WARN_INT_CONVERSION = YES;
				CLANG_WARN_NON_LITERAL_NULL_CONVERSION = YES;
				CLANG_WARN_OBJC_IMPLICIT_RETAIN_SELF = YES;
				CLANG_WARN_OBJC_LITERAL_CONVERSION = YES;
				CLANG_WARN_OBJC_ROOT_CLASS = YES_ERROR;
				CLANG_WARN_QUOTED_INCLUDE_IN_FRAMEWORK_HEADER = YES;
				CLANG_WARN_RANGE_LOOP_ANALYSIS = YES;
				CLANG_WARN_STRICT_PROTOTYPES = YES;
				CLANG_WARN_SUSPICIOUS_MOVE = YES;
				CLANG_WARN_UNGUARDED_AVAILABILITY = YES_AGGRESSIVE;
				CLANG_WARN_UNREACHABLE_CODE = YES;
				CLANG_WARN__DUPLICATE_METHOD_MATCH = YES;
				COPY_PHASE_STRIP = NO;
				DEBUG_INFORMATION_FORMAT = "dwarf-with-dsym";
				ENABLE_NS_ASSERTIONS = NO;
				ENABLE_STRICT_OBJC_MSGSEND = YES;
				GCC_C_LANGUAGE_STANDARD = gnu11;
				GCC_NO_COMMON_BLOCKS = YES;
				GCC_WARN_64_TO_32_BIT_CONVERSION = YES;
				GCC_WARN_ABOUT_RETURN_TYPE = YES_ERROR;
				GCC_WARN_UNDECLARED_SELECTOR = YES;
				GCC_WARN_UNINITIALIZED_AUTOS = YES_AGGRESSIVE;
				GCC_WARN_UNUSED_FUNCTION = YES;
				GCC_WARN_UNUSED_VARIABLE = YES;
				IPHONEOS_DEPLOYMENT_TARGET = 15.5;
				MTL_ENABLE_DEBUG_INFO = NO;
				MTL_FAST_MATH = YES;
				SDKROOT = iphoneos;
				SWIFT_COMPILATION_MODE = wholemodule;
				SWIFT_OPTIMIZATION_LEVEL = "-O";
				VALIDATE_PRODUCT = YES;
			};
			name = Release;
		};
		04B92F5728AED2BF007D830B /* Debug */ = {
			isa = XCBuildConfiguration;
			baseConfigurationReference = 02BC6831D9B22E7821E9106F /* Pods-MyLittleMovie.debug.xcconfig */;
			buildSettings = {
				ASSETCATALOG_COMPILER_APPICON_NAME = AppIcon;
				ASSETCATALOG_COMPILER_GLOBAL_ACCENT_COLOR_NAME = AccentColor;
				CODE_SIGN_STYLE = Automatic;
				CURRENT_PROJECT_VERSION = 1;
				DEVELOPMENT_TEAM = A8PCCQAZN2;
				GENERATE_INFOPLIST_FILE = YES;
				INFOPLIST_FILE = MyLittleMovie/Info.plist;
				INFOPLIST_KEY_UIApplicationSupportsIndirectInputEvents = YES;
				INFOPLIST_KEY_UILaunchStoryboardName = LaunchScreen;
				INFOPLIST_KEY_UISupportedInterfaceOrientations_iPad = "UIInterfaceOrientationPortrait UIInterfaceOrientationPortraitUpsideDown UIInterfaceOrientationLandscapeLeft UIInterfaceOrientationLandscapeRight";
				INFOPLIST_KEY_UISupportedInterfaceOrientations_iPhone = "UIInterfaceOrientationPortrait UIInterfaceOrientationLandscapeLeft UIInterfaceOrientationLandscapeRight";
				LD_RUNPATH_SEARCH_PATHS = (
					"$(inherited)",
					"@executable_path/Frameworks",
				);
				MARKETING_VERSION = 1.0;
				PRODUCT_BUNDLE_IDENTIFIER = com.zoa0945.MyLittleMovie;
				PRODUCT_NAME = "$(TARGET_NAME)";
				SWIFT_EMIT_LOC_STRINGS = YES;
				SWIFT_VERSION = 5.0;
				TARGETED_DEVICE_FAMILY = "1,2";
			};
			name = Debug;
		};
		04B92F5828AED2BF007D830B /* Release */ = {
			isa = XCBuildConfiguration;
			baseConfigurationReference = 4896B3CE5C780F794B8F4C5B /* Pods-MyLittleMovie.release.xcconfig */;
			buildSettings = {
				ASSETCATALOG_COMPILER_APPICON_NAME = AppIcon;
				ASSETCATALOG_COMPILER_GLOBAL_ACCENT_COLOR_NAME = AccentColor;
				CODE_SIGN_STYLE = Automatic;
				CURRENT_PROJECT_VERSION = 1;
				DEVELOPMENT_TEAM = A8PCCQAZN2;
				GENERATE_INFOPLIST_FILE = YES;
				INFOPLIST_FILE = MyLittleMovie/Info.plist;
				INFOPLIST_KEY_UIApplicationSupportsIndirectInputEvents = YES;
				INFOPLIST_KEY_UILaunchStoryboardName = LaunchScreen;
				INFOPLIST_KEY_UISupportedInterfaceOrientations_iPad = "UIInterfaceOrientationPortrait UIInterfaceOrientationPortraitUpsideDown UIInterfaceOrientationLandscapeLeft UIInterfaceOrientationLandscapeRight";
				INFOPLIST_KEY_UISupportedInterfaceOrientations_iPhone = "UIInterfaceOrientationPortrait UIInterfaceOrientationLandscapeLeft UIInterfaceOrientationLandscapeRight";
				LD_RUNPATH_SEARCH_PATHS = (
					"$(inherited)",
					"@executable_path/Frameworks",
				);
				MARKETING_VERSION = 1.0;
				PRODUCT_BUNDLE_IDENTIFIER = com.zoa0945.MyLittleMovie;
				PRODUCT_NAME = "$(TARGET_NAME)";
				SWIFT_EMIT_LOC_STRINGS = YES;
				SWIFT_VERSION = 5.0;
				TARGETED_DEVICE_FAMILY = "1,2";
			};
			name = Release;
		};
/* End XCBuildConfiguration section */

/* Begin XCConfigurationList section */
		04B92F3D28AED2B9007D830B /* Build configuration list for PBXProject "MyLittleMovie" */ = {
			isa = XCConfigurationList;
			buildConfigurations = (
				04B92F5428AED2BF007D830B /* Debug */,
				04B92F5528AED2BF007D830B /* Release */,
			);
			defaultConfigurationIsVisible = 0;
			defaultConfigurationName = Release;
		};
		04B92F5628AED2BF007D830B /* Build configuration list for PBXNativeTarget "MyLittleMovie" */ = {
			isa = XCConfigurationList;
			buildConfigurations = (
				04B92F5728AED2BF007D830B /* Debug */,
				04B92F5828AED2BF007D830B /* Release */,
			);
			defaultConfigurationIsVisible = 0;
			defaultConfigurationName = Release;
		};
/* End XCConfigurationList section */
	};
	rootObject = 04B92F3A28AED2B9007D830B /* Project object */;
}
